
Microsoft Visual Studio Solution File, Format Version 12.00
# Visual Studio Version 17
VisualStudioVersion = 17.7.34202.233
MinimumVisualStudioVersion = 10.0.40219.1
Project("{FAE04EC0-301F-11D3-BF4B-00C04F79EFBC}") = "SpaceBook", "SpaceBook.csproj", "{AE14E9D4-6A06-4497-BE75-2B68E7814BF8}"
EndProject
Global
	GlobalSection(SolutionConfigurationPlatforms) = preSolution
		Debug|Any CPU = Debug|Any CPU
		Release|Any CPU = Release|Any CPU
	EndGlobalSection
	GlobalSection(ProjectConfigurationPlatforms) = postSolution
		{AE14E9D4-6A06-4497-BE75-2B68E7814BF8}.Debug|Any CPU.ActiveCfg = Debug|Any CPU
		{AE14E9D4-6A06-4497-BE75-2B68E7814BF8}.Debug|Any CPU.Build.0 = Debug|Any CPU
		{AE14E9D4-6A06-4497-BE75-2B68E7814BF8}.Release|Any CPU.ActiveCfg = Release|Any CPU
		{AE14E9D4-6A06-4497-BE75-2B68E7814BF8}.Release|Any CPU.Build.0 = Release|Any CPU
	EndGlobalSection
	GlobalSection(SolutionProperties) = preSolution
		HideSolutionNode = FALSE
	EndGlobalSection
	GlobalSection(ExtensibilityGlobals) = postSolution
		SolutionGuid = {87BF9E65-4918-4578-95F6-D154B0CC0C4B}
	EndGlobalSection
EndGlobal
